[tools."npm:prettier"]
version = "3.6.2"
backend = "npm:prettier"

[tools.oxlint]
version = "1.14.0"
backend = "aqua:oxc-project/oxc/oxlint"

[tools.oxlint.platforms.linux-x64]
checksum = "blake3:65dabaf7f2c5352bc1c24e9795c05221fb49fe51f280ab8a66bc0191b7bc18cc"
size = 3688835
url = "https://github.com/oxc-project/oxc/releases/download/oxlint_v1.14.0/oxlint-linux-x64-gnu.tar.gz"
