version: v1.43.0-rc.2
modules:
    - name: github.com/getoutreach/devbase
      url: https://github.com/getoutreach/devbase
      version: malept/integration/release-dryrun
files:
    - name: scripts/devbase.sh
      template: scripts/devbase.sh.tpl
      module: github.com/getoutreach/devbase
    - name: scripts/shell-wrapper.sh
      template: scripts/shell-wrapper.sh.tpl
      module: github.com/getoutreach/devbase
